
Microsoft Visual Studio Solution File, Format Version 12.00
# Visual Studio 15
VisualStudioVersion = 15.0.26730.16
MinimumVisualStudioVersion = 10.0.40219.1
Project("{2150E333-8FDC-42A3-9474-1A3956D46DE8}") = "Solution Items", "Solution Items", "{EDFDA487-59F3-4F45-BBD4-D3C2C28C8CCE}"
	ProjectSection(SolutionItems) = preProject
		forEach.js = forEach.js
	EndProjectSection
EndProject
Global
	GlobalSection(SolutionProperties) = preSolution
		HideSolutionNode = FALSE
	EndGlobalSection
	GlobalSection(ExtensibilityGlobals) = postSolution
		SolutionGuid = {CC3B233D-670C-4BF9-8C34-8238370B2C21}
	EndGlobalSection
EndGlobal
